// !$*UTF8*$!
{
	archiveVersion = 1;
	classes = {
	};
	objectVersion = 56;
	objects = {

/* Begin PBXBuildFile section */
		050F8EDA2C01C168003B7820 /* UserCell.swift in Sources */ = {isa = PBXBuildFile; fileRef = 050F8ED92C01C168003B7820 /* UserCell.swift */; };
		050F8EDC2C01D386003B7820 /* UserCellViewModel.swift in Sources */ = {isa = PBXBuildFile; fileRef = 050F8EDB2C01D386003B7820 /* UserCellViewModel.swift */; };
		0523660C2BF6DB3F000874AE /* LoginController.swift in Sources */ = {isa = PBXBuildFile; fileRef = 0523660B2BF6DB3F000874AE /* LoginController.swift */; };
		0523660E2BF6DB5B000874AE /* AuthenticationViewModel.swift in Sources */ = {isa = PBXBuildFile; fileRef = 0523660D2BF6DB5B000874AE /* AuthenticationViewModel.swift */; };
		052366112BF6DBAE000874AE /* CustomTextField.swift in Sources */ = {isa = PBXBuildFile; fileRef = 052366102BF6DBAE000874AE /* CustomTextField.swift */; };
		052366142BF6DC67000874AE /* RegistrationController.swift in Sources */ = {isa = PBXBuildFile; fileRef = 052366132BF6DC67000874AE /* RegistrationController.swift */; };
		052366172BF6DFD4000874AE /* GoogleService-Info.plist in Resources */ = {isa = PBXBuildFile; fileRef = 052366162BF6DFD4000874AE /* GoogleService-Info.plist */; };
		052366192BF6E0FF000874AE /* ImageUploader.swift in Sources */ = {isa = PBXBuildFile; fileRef = 052366182BF6E0FF000874AE /* ImageUploader.swift */; };
		0523661B2BF6E105000874AE /* AuthService.swift in Sources */ = {isa = PBXBuildFile; fileRef = 0523661A2BF6E105000874AE /* AuthService.swift */; };
		052366412BF820F5000874AE /* ProfileCell.swift in Sources */ = {isa = PBXBuildFile; fileRef = 052366402BF820F5000874AE /* ProfileCell.swift */; };
		052366432BF82103000874AE /* ProfileHeader.swift in Sources */ = {isa = PBXBuildFile; fileRef = 052366422BF82103000874AE /* ProfileHeader.swift */; };
		052366462BF838B4000874AE /* UserService.swift in Sources */ = {isa = PBXBuildFile; fileRef = 052366452BF838B4000874AE /* UserService.swift */; };
		052366482BF838F0000874AE /* Constants.swift in Sources */ = {isa = PBXBuildFile; fileRef = 052366472BF838F0000874AE /* Constants.swift */; };
		0523664A2BF83A9C000874AE /* User.swift in Sources */ = {isa = PBXBuildFile; fileRef = 052366492BF83A9C000874AE /* User.swift */; };
		0523664C2BF83D58000874AE /* ProfileHeaderViewModel.swift in Sources */ = {isa = PBXBuildFile; fileRef = 0523664B2BF83D58000874AE /* ProfileHeaderViewModel.swift */; };
		05874EF52C399E7B003642AF /* UploadPostController.swift in Sources */ = {isa = PBXBuildFile; fileRef = 05874EF42C399E7B003642AF /* UploadPostController.swift */; };
		05874EF72C39A3AB003642AF /* InputTextView.swift in Sources */ = {isa = PBXBuildFile; fileRef = 05874EF62C39A3AB003642AF /* InputTextView.swift */; };
		05874EF92C3BBB72003642AF /* PostService.swift in Sources */ = {isa = PBXBuildFile; fileRef = 05874EF82C3BBB72003642AF /* PostService.swift */; };
		05874EFB2C3FAC43003642AF /* Post.swift in Sources */ = {isa = PBXBuildFile; fileRef = 05874EFA2C3FAC43003642AF /* Post.swift */; };
		05874EFD2C3FB0B1003642AF /* PostViewModel.swift in Sources */ = {isa = PBXBuildFile; fileRef = 05874EFC2C3FB0B1003642AF /* PostViewModel.swift */; };
		05E3DC382BF44C8800D59D64 /* AppDelegate.swift in Sources */ = {isa = PBXBuildFile; fileRef = 05E3DC372BF44C8800D59D64 /* AppDelegate.swift */; };
		05E3DC3A2BF44C8800D59D64 /* SceneDelegate.swift in Sources */ = {isa = PBXBuildFile; fileRef = 05E3DC392BF44C8800D59D64 /* SceneDelegate.swift */; };
		05E3DC3C2BF44C8800D59D64 /* ViewController.swift in Sources */ = {isa = PBXBuildFile; fileRef = 05E3DC3B2BF44C8800D59D64 /* ViewController.swift */; };
		05E3DC3F2BF44C8800D59D64 /* Base in Resources */ = {isa = PBXBuildFile; fileRef = 05E3DC3E2BF44C8800D59D64 /* Base */; };
		05E3DC412BF44C8900D59D64 /* Assets.xcassets in Resources */ = {isa = PBXBuildFile; fileRef = 05E3DC402BF44C8900D59D64 /* Assets.xcassets */; };
		05E3DC442BF44C8900D59D64 /* Base in Resources */ = {isa = PBXBuildFile; fileRef = 05E3DC432BF44C8900D59D64 /* Base */; };
		05E3DC522BF4511D00D59D64 /* MainTabBarController.swift in Sources */ = {isa = PBXBuildFile; fileRef = 05E3DC512BF4511D00D59D64 /* MainTabBarController.swift */; };
		05E3DC542BF4517700D59D64 /* FeedController.swift in Sources */ = {isa = PBXBuildFile; fileRef = 05E3DC532BF4517700D59D64 /* FeedController.swift */; };
		05E3DC562BF4518100D59D64 /* SearchController.swift in Sources */ = {isa = PBXBuildFile; fileRef = 05E3DC552BF4518100D59D64 /* SearchController.swift */; };
		05E3DC582BF4518A00D59D64 /* ImageSelectorController.swift in Sources */ = {isa = PBXBuildFile; fileRef = 05E3DC572BF4518A00D59D64 /* ImageSelectorController.swift */; };
		05E3DC5A2BF4519300D59D64 /* NotificationController.swift in Sources */ = {isa = PBXBuildFile; fileRef = 05E3DC592BF4519300D59D64 /* NotificationController.swift */; };
		05E3DC5C2BF4519900D59D64 /* ProfileController.swift in Sources */ = {isa = PBXBuildFile; fileRef = 05E3DC5B2BF4519900D59D64 /* ProfileController.swift */; };
		05E3DCA92BF46A6400D59D64 /* FeedCell.swift in Sources */ = {isa = PBXBuildFile; fileRef = 05E3DCA82BF46A6400D59D64 /* FeedCell.swift */; };
		05E3DCAB2BF46B3200D59D64 /* Extensions.swift in Sources */ = {isa = PBXBuildFile; fileRef = 05E3DCAA2BF46B3200D59D64 /* Extensions.swift */; };
		0BC154A46BB3799016D96AB1 /* Pods_Instagram.framework in Frameworks */ = {isa = PBXBuildFile; fileRef = 46B85D01BA9A961F5E00FB5F /* Pods_Instagram.framework */; };
/* End PBXBuildFile section */

/* Begin PBXFileReference section */
		050F8ED92C01C168003B7820 /* UserCell.swift */ = {isa = PBXFileReference; lastKnownFileType = sourcecode.swift; path = UserCell.swift; sourceTree = "<group>"; };
		050F8EDB2C01D386003B7820 /* UserCellViewModel.swift */ = {isa = PBXFileReference; lastKnownFileType = sourcecode.swift; path = UserCellViewModel.swift; sourceTree = "<group>"; };
		0523660B2BF6DB3F000874AE /* LoginController.swift */ = {isa = PBXFileReference; lastKnownFileType = sourcecode.swift; path = LoginController.swift; sourceTree = "<group>"; };
		0523660D2BF6DB5B000874AE /* AuthenticationViewModel.swift */ = {isa = PBXFileReference; lastKnownFileType = sourcecode.swift; name = AuthenticationViewModel.swift; path = Instagram/ViewModel/AuthenticationViewModel.swift; sourceTree = SOURCE_ROOT; };
		052366102BF6DBAE000874AE /* CustomTextField.swift */ = {isa = PBXFileReference; lastKnownFileType = sourcecode.swift; path = CustomTextField.swift; sourceTree = "<group>"; };
		052366132BF6DC67000874AE /* RegistrationController.swift */ = {isa = PBXFileReference; lastKnownFileType = sourcecode.swift; path = RegistrationController.swift; sourceTree = "<group>"; };
		052366162BF6DFD4000874AE /* GoogleService-Info.plist */ = {isa = PBXFileReference; fileEncoding = 4; lastKnownFileType = text.plist.xml; path = "GoogleService-Info.plist"; sourceTree = "<group>"; };
		052366182BF6E0FF000874AE /* ImageUploader.swift */ = {isa = PBXFileReference; lastKnownFileType = sourcecode.swift; name = ImageUploader.swift; path = Instagram/API/ImageUploader.swift; sourceTree = SOURCE_ROOT; };
		0523661A2BF6E105000874AE /* AuthService.swift */ = {isa = PBXFileReference; lastKnownFileType = sourcecode.swift; name = AuthService.swift; path = Instagram/API/AuthService.swift; sourceTree = SOURCE_ROOT; };
		052366402BF820F5000874AE /* ProfileCell.swift */ = {isa = PBXFileReference; lastKnownFileType = sourcecode.swift; path = ProfileCell.swift; sourceTree = "<group>"; };
		052366422BF82103000874AE /* ProfileHeader.swift */ = {isa = PBXFileReference; lastKnownFileType = sourcecode.swift; path = ProfileHeader.swift; sourceTree = "<group>"; };
		052366452BF838B4000874AE /* UserService.swift */ = {isa = PBXFileReference; lastKnownFileType = sourcecode.swift; path = UserService.swift; sourceTree = "<group>"; };
		052366472BF838F0000874AE /* Constants.swift */ = {isa = PBXFileReference; lastKnownFileType = sourcecode.swift; path = Constants.swift; sourceTree = "<group>"; };
		052366492BF83A9C000874AE /* User.swift */ = {isa = PBXFileReference; lastKnownFileType = sourcecode.swift; path = User.swift; sourceTree = "<group>"; };
		0523664B2BF83D58000874AE /* ProfileHeaderViewModel.swift */ = {isa = PBXFileReference; lastKnownFileType = sourcecode.swift; path = ProfileHeaderViewModel.swift; sourceTree = "<group>"; };
		05874EF42C399E7B003642AF /* UploadPostController.swift */ = {isa = PBXFileReference; lastKnownFileType = sourcecode.swift; path = UploadPostController.swift; sourceTree = "<group>"; };
		05874EF62C39A3AB003642AF /* InputTextView.swift */ = {isa = PBXFileReference; lastKnownFileType = sourcecode.swift; path = InputTextView.swift; sourceTree = "<group>"; };
		05874EF82C3BBB72003642AF /* PostService.swift */ = {isa = PBXFileReference; lastKnownFileType = sourcecode.swift; path = PostService.swift; sourceTree = "<group>"; };
		05874EFA2C3FAC43003642AF /* Post.swift */ = {isa = PBXFileReference; lastKnownFileType = sourcecode.swift; path = Post.swift; sourceTree = "<group>"; };
		05874EFC2C3FB0B1003642AF /* PostViewModel.swift */ = {isa = PBXFileReference; lastKnownFileType = sourcecode.swift; path = PostViewModel.swift; sourceTree = "<group>"; };
		05E3DC342BF44C8800D59D64 /* Instagram.app */ = {isa = PBXFileReference; explicitFileType = wrapper.application; includeInIndex = 0; path = Instagram.app; sourceTree = BUILT_PRODUCTS_DIR; };
		05E3DC372BF44C8800D59D64 /* AppDelegate.swift */ = {isa = PBXFileReference; lastKnownFileType = sourcecode.swift; path = AppDelegate.swift; sourceTree = "<group>"; };
		05E3DC392BF44C8800D59D64 /* SceneDelegate.swift */ = {isa = PBXFileReference; lastKnownFileType = sourcecode.swift; path = SceneDelegate.swift; sourceTree = "<group>"; };
		05E3DC3B2BF44C8800D59D64 /* ViewController.swift */ = {isa = PBXFileReference; lastKnownFileType = sourcecode.swift; path = ViewController.swift; sourceTree = "<group>"; };
		05E3DC3E2BF44C8800D59D64 /* Base */ = {isa = PBXFileReference; lastKnownFileType = file.storyboard; name = Base; path = Base.lproj/Main.storyboard; sourceTree = "<group>"; };
		05E3DC402BF44C8900D59D64 /* Assets.xcassets */ = {isa = PBXFileReference; lastKnownFileType = folder.assetcatalog; path = Assets.xcassets; sourceTree = "<group>"; };
		05E3DC432BF44C8900D59D64 /* Base */ = {isa = PBXFileReference; lastKnownFileType = file.storyboard; name = Base; path = Base.lproj/LaunchScreen.storyboard; sourceTree = "<group>"; };
		05E3DC452BF44C8900D59D64 /* Info.plist */ = {isa = PBXFileReference; lastKnownFileType = text.plist.xml; path = Info.plist; sourceTree = "<group>"; };
		05E3DC512BF4511D00D59D64 /* MainTabBarController.swift */ = {isa = PBXFileReference; lastKnownFileType = sourcecode.swift; path = MainTabBarController.swift; sourceTree = "<group>"; };
		05E3DC532BF4517700D59D64 /* FeedController.swift */ = {isa = PBXFileReference; lastKnownFileType = sourcecode.swift; path = FeedController.swift; sourceTree = "<group>"; };
		05E3DC552BF4518100D59D64 /* SearchController.swift */ = {isa = PBXFileReference; lastKnownFileType = sourcecode.swift; path = SearchController.swift; sourceTree = "<group>"; };
		05E3DC572BF4518A00D59D64 /* ImageSelectorController.swift */ = {isa = PBXFileReference; lastKnownFileType = sourcecode.swift; path = ImageSelectorController.swift; sourceTree = "<group>"; };
		05E3DC592BF4519300D59D64 /* NotificationController.swift */ = {isa = PBXFileReference; lastKnownFileType = sourcecode.swift; path = NotificationController.swift; sourceTree = "<group>"; };
		05E3DC5B2BF4519900D59D64 /* ProfileController.swift */ = {isa = PBXFileReference; lastKnownFileType = sourcecode.swift; path = ProfileController.swift; sourceTree = "<group>"; };
		05E3DCA82BF46A6400D59D64 /* FeedCell.swift */ = {isa = PBXFileReference; lastKnownFileType = sourcecode.swift; path = FeedCell.swift; sourceTree = "<group>"; };
		05E3DCAA2BF46B3200D59D64 /* Extensions.swift */ = {isa = PBXFileReference; lastKnownFileType = sourcecode.swift; path = Extensions.swift; sourceTree = "<group>"; };
		46B85D01BA9A961F5E00FB5F /* Pods_Instagram.framework */ = {isa = PBXFileReference; explicitFileType = wrapper.framework; includeInIndex = 0; path = Pods_Instagram.framework; sourceTree = BUILT_PRODUCTS_DIR; };
		C20053B4DFA6108724597965 /* Pods-Instagram.debug.xcconfig */ = {isa = PBXFileReference; includeInIndex = 1; lastKnownFileType = text.xcconfig; name = "Pods-Instagram.debug.xcconfig"; path = "Target Support Files/Pods-Instagram/Pods-Instagram.debug.xcconfig"; sourceTree = "<group>"; };
		FF4943E96856C6A73F6FED1D /* Pods-Instagram.release.xcconfig */ = {isa = PBXFileReference; includeInIndex = 1; lastKnownFileType = text.xcconfig; name = "Pods-Instagram.release.xcconfig"; path = "Target Support Files/Pods-Instagram/Pods-Instagram.release.xcconfig"; sourceTree = "<group>"; };
/* End PBXFileReference section */

/* Begin PBXFrameworksBuildPhase section */
		05E3DC312BF44C8800D59D64 /* Frameworks */ = {
			isa = PBXFrameworksBuildPhase;
			buildActionMask = 2147483647;
			files = (
				0BC154A46BB3799016D96AB1 /* Pods_Instagram.framework in Frameworks */,
			);
			runOnlyForDeploymentPostprocessing = 0;
		};
/* End PBXFrameworksBuildPhase section */

/* Begin PBXGroup section */
		0523660A2BF6DB2B000874AE /* Authentication */ = {
			isa = PBXGroup;
			children = (
				0523660B2BF6DB3F000874AE /* LoginController.swift */,
				052366132BF6DC67000874AE /* RegistrationController.swift */,
			);
			path = Authentication;
			sourceTree = "<group>";
		};
		0523660F2BF6DB94000874AE /* ViewModel */ = {
			isa = PBXGroup;
			children = (
				0523660D2BF6DB5B000874AE /* AuthenticationViewModel.swift */,
				0523664B2BF83D58000874AE /* ProfileHeaderViewModel.swift */,
				050F8EDB2C01D386003B7820 /* UserCellViewModel.swift */,
				05874EFC2C3FB0B1003642AF /* PostViewModel.swift */,
			);
			path = ViewModel;
			sourceTree = "<group>";
		};
		0523663F2BF81DD4000874AE /* API */ = {
			isa = PBXGroup;
			children = (
				052366182BF6E0FF000874AE /* ImageUploader.swift */,
				0523661A2BF6E105000874AE /* AuthService.swift */,
				052366452BF838B4000874AE /* UserService.swift */,
				05874EF82C3BBB72003642AF /* PostService.swift */,
			);
			path = API;
			sourceTree = "<group>";
		};
		052366442BF8210A000874AE /* Profile */ = {
			isa = PBXGroup;
			children = (
				052366402BF820F5000874AE /* ProfileCell.swift */,
				052366422BF82103000874AE /* ProfileHeader.swift */,
			);
			path = Profile;
			sourceTree = "<group>";
		};
		05E3DC2B2BF44C8800D59D64 = {
			isa = PBXGroup;
			children = (
				05E3DC362BF44C8800D59D64 /* Instagram */,
				05E3DC352BF44C8800D59D64 /* Products */,
				FD80DF3E335CA8AB259DABB7 /* Pods */,
				CCA57A5A104CA0557C96B8AE /* Frameworks */,
			);
			sourceTree = "<group>";
		};
		05E3DC352BF44C8800D59D64 /* Products */ = {
			isa = PBXGroup;
			children = (
				05E3DC342BF44C8800D59D64 /* Instagram.app */,
			);
			name = Products;
			sourceTree = "<group>";
		};
		05E3DC362BF44C8800D59D64 /* Instagram */ = {
			isa = PBXGroup;
			children = (
				05E3DC502BF44CBB00D59D64 /* Model */,
				05E3DC4F2BF44CBA00D59D64 /* View */,
				0523660F2BF6DB94000874AE /* ViewModel */,
				05E3DC4D2BF44CB400D59D64 /* Controller */,
				0523663F2BF81DD4000874AE /* API */,
				05E3DC4B2BF44CAF00D59D64 /* Utils */,
				05E3DC372BF44C8800D59D64 /* AppDelegate.swift */,
				05E3DC392BF44C8800D59D64 /* SceneDelegate.swift */,
				05E3DC3B2BF44C8800D59D64 /* ViewController.swift */,
				05E3DC3D2BF44C8800D59D64 /* Main.storyboard */,
				05E3DC402BF44C8900D59D64 /* Assets.xcassets */,
				05E3DC422BF44C8900D59D64 /* LaunchScreen.storyboard */,
				05E3DC452BF44C8900D59D64 /* Info.plist */,
				052366162BF6DFD4000874AE /* GoogleService-Info.plist */,
			);
			path = Instagram;
			sourceTree = "<group>";
		};
		05E3DC4B2BF44CAF00D59D64 /* Utils */ = {
			isa = PBXGroup;
			children = (
				05E3DCAA2BF46B3200D59D64 /* Extensions.swift */,
				052366472BF838F0000874AE /* Constants.swift */,
				05874EF62C39A3AB003642AF /* InputTextView.swift */,
			);
			path = Utils;
			sourceTree = "<group>";
		};
		05E3DC4D2BF44CB400D59D64 /* Controller */ = {
			isa = PBXGroup;
			children = (
				0523660A2BF6DB2B000874AE /* Authentication */,
				05E3DC512BF4511D00D59D64 /* MainTabBarController.swift */,
				05E3DC532BF4517700D59D64 /* FeedController.swift */,
				05E3DC552BF4518100D59D64 /* SearchController.swift */,
				05E3DC572BF4518A00D59D64 /* ImageSelectorController.swift */,
				05E3DC592BF4519300D59D64 /* NotificationController.swift */,
				05E3DC5B2BF4519900D59D64 /* ProfileController.swift */,
				05874EF42C399E7B003642AF /* UploadPostController.swift */,
			);
			path = Controller;
			sourceTree = "<group>";
		};
		05E3DC4F2BF44CBA00D59D64 /* View */ = {
			isa = PBXGroup;
			children = (
				052366442BF8210A000874AE /* Profile */,
				052366102BF6DBAE000874AE /* CustomTextField.swift */,
				05E3DCA82BF46A6400D59D64 /* FeedCell.swift */,
				050F8ED92C01C168003B7820 /* UserCell.swift */,
			);
			path = View;
			sourceTree = "<group>";
		};
		05E3DC502BF44CBB00D59D64 /* Model */ = {
			isa = PBXGroup;
			children = (
				052366492BF83A9C000874AE /* User.swift */,
				05874EFA2C3FAC43003642AF /* Post.swift */,
			);
			path = Model;
			sourceTree = "<group>";
		};
		CCA57A5A104CA0557C96B8AE /* Frameworks */ = {
			isa = PBXGroup;
			children = (
				46B85D01BA9A961F5E00FB5F /* Pods_Instagram.framework */,
			);
			name = Frameworks;
			sourceTree = "<group>";
		};
		FD80DF3E335CA8AB259DABB7 /* Pods */ = {
			isa = PBXGroup;
			children = (
				C20053B4DFA6108724597965 /* Pods-Instagram.debug.xcconfig */,
				FF4943E96856C6A73F6FED1D /* Pods-Instagram.release.xcconfig */,
			);
			path = Pods;
			sourceTree = "<group>";
		};
/* End PBXGroup section */

/* Begin PBXNativeTarget section */
		05E3DC332BF44C8800D59D64 /* Instagram */ = {
			isa = PBXNativeTarget;
			buildConfigurationList = 05E3DC482BF44C8900D59D64 /* Build configuration list for PBXNativeTarget "Instagram" */;
			buildPhases = (
				D9ECD7579DEA767653864D34 /* [CP] Check Pods Manifest.lock */,
				05E3DC302BF44C8800D59D64 /* Sources */,
				05E3DC312BF44C8800D59D64 /* Frameworks */,
				05E3DC322BF44C8800D59D64 /* Resources */,
				68651A8ADE058D6A09929BC4 /* [CP] Embed Pods Frameworks */,
			);
			buildRules = (
			);
			dependencies = (
			);
			name = Instagram;
			productName = Instagram;
			productReference = 05E3DC342BF44C8800D59D64 /* Instagram.app */;
			productType = "com.apple.product-type.application";
		};
/* End PBXNativeTarget section */

/* Begin PBXProject section */
		05E3DC2C2BF44C8800D59D64 /* Project object */ = {
			isa = PBXProject;
			attributes = {
				BuildIndependentTargetsInParallel = 1;
				LastSwiftUpdateCheck = 1540;
				LastUpgradeCheck = 1540;
				TargetAttributes = {
					05E3DC332BF44C8800D59D64 = {
						CreatedOnToolsVersion = 15.4;
					};
				};
			};
			buildConfigurationList = 05E3DC2F2BF44C8800D59D64 /* Build configuration list for PBXProject "Instagram" */;
			compatibilityVersion = "Xcode 14.0";
			developmentRegion = en;
			hasScannedForEncodings = 0;
			knownRegions = (
				en,
				Base,
			);
			mainGroup = 05E3DC2B2BF44C8800D59D64;
			productRefGroup = 05E3DC352BF44C8800D59D64 /* Products */;
			projectDirPath = "";
			projectRoot = "";
			targets = (
				05E3DC332BF44C8800D59D64 /* Instagram */,
			);
		};
/* End PBXProject section */

/* Begin PBXResourcesBuildPhase section */
		05E3DC322BF44C8800D59D64 /* Resources */ = {
			isa = PBXResourcesBuildPhase;
			buildActionMask = 2147483647;
			files = (
				05E3DC412BF44C8900D59D64 /* Assets.xcassets in Resources */,
				052366172BF6DFD4000874AE /* GoogleService-Info.plist in Resources */,
				05E3DC442BF44C8900D59D64 /* Base in Resources */,
				05E3DC3F2BF44C8800D59D64 /* Base in Resources */,
			);
			runOnlyForDeploymentPostprocessing = 0;
		};
/* End PBXResourcesBuildPhase section */

/* Begin PBXShellScriptBuildPhase section */
		68651A8ADE058D6A09929BC4 /* [CP] Embed Pods Frameworks */ = {
			isa = PBXShellScriptBuildPhase;
			buildActionMask = 2147483647;
			files = (
			);
			inputFileListPaths = (
				"${PODS_ROOT}/Target Support Files/Pods-Instagram/Pods-Instagram-frameworks-${CONFIGURATION}-input-files.xcfilelist",
			);
			name = "[CP] Embed Pods Frameworks";
			outputFileListPaths = (
				"${PODS_ROOT}/Target Support Files/Pods-Instagram/Pods-Instagram-frameworks-${CONFIGURATION}-output-files.xcfilelist",
			);
			runOnlyForDeploymentPostprocessing = 0;
			shellPath = /bin/sh;
			shellScript = "\"${PODS_ROOT}/Target Support Files/Pods-Instagram/Pods-Instagram-frameworks.sh\"\n";
			showEnvVarsInLog = 0;
		};
		D9ECD7579DEA767653864D34 /* [CP] Check Pods Manifest.lock */ = {
			isa = PBXShellScriptBuildPhase;
			buildActionMask = 2147483647;
			files = (
			);
			inputFileListPaths = (
			);
			inputPaths = (
				"${PODS_PODFILE_DIR_PATH}/Podfile.lock",
				"${PODS_ROOT}/Manifest.lock",
			);
			name = "[CP] Check Pods Manifest.lock";
			outputFileListPaths = (
			);
			outputPaths = (
				"$(DERIVED_FILE_DIR)/Pods-Instagram-checkManifestLockResult.txt",
			);
			runOnlyForDeploymentPostprocessing = 0;
			shellPath = /bin/sh;
			shellScript = "diff \"${PODS_PODFILE_DIR_PATH}/Podfile.lock\" \"${PODS_ROOT}/Manifest.lock\" > /dev/null\nif [ $? != 0 ] ; then\n    # print error to STDERR\n    echo \"error: The sandbox is not in sync with the Podfile.lock. Run 'pod install' or update your CocoaPods installation.\" >&2\n    exit 1\nfi\n# This output is used by Xcode 'outputs' to avoid re-running this script phase.\necho \"SUCCESS\" > \"${SCRIPT_OUTPUT_FILE_0}\"\n";
			showEnvVarsInLog = 0;
		};
/* End PBXShellScriptBuildPhase section */

/* Begin PBXSourcesBuildPhase section */
		05E3DC302BF44C8800D59D64 /* Sources */ = {
			isa = PBXSourcesBuildPhase;
			buildActionMask = 2147483647;
			files = (
				05874EFD2C3FB0B1003642AF /* PostViewModel.swift in Sources */,
				052366112BF6DBAE000874AE /* CustomTextField.swift in Sources */,
				052366432BF82103000874AE /* ProfileHeader.swift in Sources */,
				05874EF52C399E7B003642AF /* UploadPostController.swift in Sources */,
				0523660E2BF6DB5B000874AE /* AuthenticationViewModel.swift in Sources */,
				05E3DC3C2BF44C8800D59D64 /* ViewController.swift in Sources */,
				0523660C2BF6DB3F000874AE /* LoginController.swift in Sources */,
				05E3DCA92BF46A6400D59D64 /* FeedCell.swift in Sources */,
				05E3DC582BF4518A00D59D64 /* ImageSelectorController.swift in Sources */,
				05E3DC5A2BF4519300D59D64 /* NotificationController.swift in Sources */,
				050F8EDA2C01C168003B7820 /* UserCell.swift in Sources */,
				05E3DC562BF4518100D59D64 /* SearchController.swift in Sources */,
				05E3DC382BF44C8800D59D64 /* AppDelegate.swift in Sources */,
				0523664A2BF83A9C000874AE /* User.swift in Sources */,
				05E3DC5C2BF4519900D59D64 /* ProfileController.swift in Sources */,
				0523664C2BF83D58000874AE /* ProfileHeaderViewModel.swift in Sources */,
				05874EF72C39A3AB003642AF /* InputTextView.swift in Sources */,
				052366482BF838F0000874AE /* Constants.swift in Sources */,
				05E3DC542BF4517700D59D64 /* FeedController.swift in Sources */,
				050F8EDC2C01D386003B7820 /* UserCellViewModel.swift in Sources */,
				05E3DC522BF4511D00D59D64 /* MainTabBarController.swift in Sources */,
				05E3DCAB2BF46B3200D59D64 /* Extensions.swift in Sources */,
				052366192BF6E0FF000874AE /* ImageUploader.swift in Sources */,
				05874EFB2C3FAC43003642AF /* Post.swift in Sources */,
				0523661B2BF6E105000874AE /* AuthService.swift in Sources */,
				05874EF92C3BBB72003642AF /* PostService.swift in Sources */,
				052366462BF838B4000874AE /* UserService.swift in Sources */,
				052366412BF820F5000874AE /* ProfileCell.swift in Sources */,
				052366142BF6DC67000874AE /* RegistrationController.swift in Sources */,
				05E3DC3A2BF44C8800D59D64 /* SceneDelegate.swift in Sources */,
			);
			runOnlyForDeploymentPostprocessing = 0;
		};
/* End PBXSourcesBuildPhase section */

/* Begin PBXVariantGroup section */
		05E3DC3D2BF44C8800D59D64 /* Main.storyboard */ = {
			isa = PBXVariantGroup;
			children = (
				05E3DC3E2BF44C8800D59D64 /* Base */,
			);
			name = Main.storyboard;
			sourceTree = "<group>";
		};
		05E3DC422BF44C8900D59D64 /* LaunchScreen.storyboard */ = {
			isa = PBXVariantGroup;
			children = (
				05E3DC432BF44C8900D59D64 /* Base */,
			);
			name = LaunchScreen.storyboard;
			sourceTree = "<group>";
		};
/* End PBXVariantGroup section */

/* Begin XCBuildConfiguration section */
		05E3DC462BF44C8900D59D64 /* Debug */ = {
			isa = XCBuildConfiguration;
			buildSettings = {
				ALWAYS_SEARCH_USER_PATHS = NO;
				ASSETCATALOG_COMPILER_GENERATE_SWIFT_ASSET_SYMBOL_EXTENSIONS = YES;
				CLANG_ANALYZER_NONNULL = YES;
				CLANG_ANALYZER_NUMBER_OBJECT_CONVERSION = YES_AGGRESSIVE;
				CLANG_CXX_LANGUAGE_STANDARD = "gnu++20";
				CLANG_ENABLE_MODULES = YES;
				CLANG_ENABLE_OBJC_ARC = YES;
				CLANG_ENABLE_OBJC_WEAK = YES;
				CLANG_WARN_BLOCK_CAPTURE_AUTORELEASING = YES;
				CLANG_WARN_BOOL_CONVERSION = YES;
				CLANG_WARN_COMMA = YES;
				CLANG_WARN_CONSTANT_CONVERSION = YES;
				CLANG_WARN_DEPRECATED_OBJC_IMPLEMENTATIONS = YES;
				CLANG_WARN_DIRECT_OBJC_ISA_USAGE = YES_ERROR;
				CLANG_WARN_DOCUMENTATION_COMMENTS = YES;
				CLANG_WARN_EMPTY_BODY = YES;
				CLANG_WARN_ENUM_CONVERSION = YES;
				CLANG_WARN_INFINITE_RECURSION = YES;
				CLANG_WARN_INT_CONVERSION = YES;
				CLANG_WARN_NON_LITERAL_NULL_CONVERSION = YES;
				CLANG_WARN_OBJC_IMPLICIT_RETAIN_SELF = YES;
				CLANG_WARN_OBJC_LITERAL_CONVERSION = YES;
				CLANG_WARN_OBJC_ROOT_CLASS = YES_ERROR;
				CLANG_WARN_QUOTED_INCLUDE_IN_FRAMEWORK_HEADER = YES;
				CLANG_WARN_RANGE_LOOP_ANALYSIS = YES;
				CLANG_WARN_STRICT_PROTOTYPES = YES;
				CLANG_WARN_SUSPICIOUS_MOVE = YES;
				CLANG_WARN_UNGUARDED_AVAILABILITY = YES_AGGRESSIVE;
				CLANG_WARN_UNREACHABLE_CODE = YES;
				CLANG_WARN__DUPLICATE_METHOD_MATCH = YES;
				COPY_PHASE_STRIP = NO;
				DEBUG_INFORMATION_FORMAT = dwarf;
				ENABLE_STRICT_OBJC_MSGSEND = YES;
				ENABLE_TESTABILITY = YES;
				ENABLE_USER_SCRIPT_SANDBOXING = NO;
				GCC_C_LANGUAGE_STANDARD = gnu17;
				GCC_DYNAMIC_NO_PIC = NO;
				GCC_NO_COMMON_BLOCKS = YES;
				GCC_OPTIMIZATION_LEVEL = 0;
				GCC_PREPROCESSOR_DEFINITIONS = (
					"DEBUG=1",
					"$(inherited)",
				);
				GCC_WARN_64_TO_32_BIT_CONVERSION = YES;
				GCC_WARN_ABOUT_RETURN_TYPE = YES_ERROR;
				GCC_WARN_UNDECLARED_SELECTOR = YES;
				GCC_WARN_UNINITIALIZED_AUTOS = YES_AGGRESSIVE;
				GCC_WARN_UNUSED_FUNCTION = YES;
				GCC_WARN_UNUSED_VARIABLE = YES;
				IPHONEOS_DEPLOYMENT_TARGET = 17.5;
				LOCALIZATION_PREFERS_STRING_CATALOGS = YES;
				MTL_ENABLE_DEBUG_INFO = INCLUDE_SOURCE;
				MTL_FAST_MATH = YES;
				ONLY_ACTIVE_ARCH = YES;
				SDKROOT = iphoneos;
				SWIFT_ACTIVE_COMPILATION_CONDITIONS = "DEBUG $(inherited)";
				SWIFT_OPTIMIZATION_LEVEL = "-Onone";
			};
			name = Debug;
		};
		05E3DC472BF44C8900D59D64 /* Release */ = {
			isa = XCBuildConfiguration;
			buildSettings = {
				ALWAYS_SEARCH_USER_PATHS = NO;
				ASSETCATALOG_COMPILER_GENERATE_SWIFT_ASSET_SYMBOL_EXTENSIONS = YES;
				CLANG_ANALYZER_NONNULL = YES;
				CLANG_ANALYZER_NUMBER_OBJECT_CONVERSION = YES_AGGRESSIVE;
				CLANG_CXX_LANGUAGE_STANDARD = "gnu++20";
				CLANG_ENABLE_MODULES = YES;
				CLANG_ENABLE_OBJC_ARC = YES;
				CLANG_ENABLE_OBJC_WEAK = YES;
				CLANG_WARN_BLOCK_CAPTURE_AUTORELEASING = YES;
				CLANG_WARN_BOOL_CONVERSION = YES;
				CLANG_WARN_COMMA = YES;
				CLANG_WARN_CONSTANT_CONVERSION = YES;
				CLANG_WARN_DEPRECATED_OBJC_IMPLEMENTATIONS = YES;
				CLANG_WARN_DIRECT_OBJC_ISA_USAGE = YES_ERROR;
				CLANG_WARN_DOCUMENTATION_COMMENTS = YES;
				CLANG_WARN_EMPTY_BODY = YES;
				CLANG_WARN_ENUM_CONVERSION = YES;
				CLANG_WARN_INFINITE_RECURSION = YES;
				CLANG_WARN_INT_CONVERSION = YES;
				CLANG_WARN_NON_LITERAL_NULL_CONVERSION = YES;
				CLANG_WARN_OBJC_IMPLICIT_RETAIN_SELF = YES;
				CLANG_WARN_OBJC_LITERAL_CONVERSION = YES;
				CLANG_WARN_OBJC_ROOT_CLASS = YES_ERROR;
				CLANG_WARN_QUOTED_INCLUDE_IN_FRAMEWORK_HEADER = YES;
				CLANG_WARN_RANGE_LOOP_ANALYSIS = YES;
				CLANG_WARN_STRICT_PROTOTYPES = YES;
				CLANG_WARN_SUSPICIOUS_MOVE = YES;
				CLANG_WARN_UNGUARDED_AVAILABILITY = YES_AGGRESSIVE;
				CLANG_WARN_UNREACHABLE_CODE = YES;
				CLANG_WARN__DUPLICATE_METHOD_MATCH = YES;
				COPY_PHASE_STRIP = NO;
				DEBUG_INFORMATION_FORMAT = "dwarf-with-dsym";
				ENABLE_NS_ASSERTIONS = NO;
				ENABLE_STRICT_OBJC_MSGSEND = YES;
				ENABLE_USER_SCRIPT_SANDBOXING = NO;
				GCC_C_LANGUAGE_STANDARD = gnu17;
				GCC_NO_COMMON_BLOCKS = YES;
				GCC_WARN_64_TO_32_BIT_CONVERSION = YES;
				GCC_WARN_ABOUT_RETURN_TYPE = YES_ERROR;
				GCC_WARN_UNDECLARED_SELECTOR = YES;
				GCC_WARN_UNINITIALIZED_AUTOS = YES_AGGRESSIVE;
				GCC_WARN_UNUSED_FUNCTION = YES;
				GCC_WARN_UNUSED_VARIABLE = YES;
				IPHONEOS_DEPLOYMENT_TARGET = 17.5;
				LOCALIZATION_PREFERS_STRING_CATALOGS = YES;
				MTL_ENABLE_DEBUG_INFO = NO;
				MTL_FAST_MATH = YES;
				SDKROOT = iphoneos;
				SWIFT_COMPILATION_MODE = wholemodule;
				VALIDATE_PRODUCT = YES;
			};
			name = Release;
		};
		05E3DC492BF44C8900D59D64 /* Debug */ = {
			isa = XCBuildConfiguration;
			baseConfigurationReference = C20053B4DFA6108724597965 /* Pods-Instagram.debug.xcconfig */;
			buildSettings = {
				ASSETCATALOG_COMPILER_APPICON_NAME = AppIcon;
				ASSETCATALOG_COMPILER_GLOBAL_ACCENT_COLOR_NAME = AccentColor;
				CODE_SIGN_STYLE = Automatic;
				CURRENT_PROJECT_VERSION = 1;
				DEVELOPMENT_TEAM = 7WULLR98GP;
				GENERATE_INFOPLIST_FILE = YES;
				INFOPLIST_FILE = Instagram/Info.plist;
				INFOPLIST_KEY_CFBundleDisplayName = Instagram;
				INFOPLIST_KEY_LSApplicationCategoryType = "public.app-category.social-networking";
				INFOPLIST_KEY_UIApplicationSupportsIndirectInputEvents = YES;
				INFOPLIST_KEY_UILaunchStoryboardName = LaunchScreen;
				INFOPLIST_KEY_UIMainStoryboardFile = Main;
				INFOPLIST_KEY_UISupportedInterfaceOrientations = UIInterfaceOrientationPortrait;
				INFOPLIST_KEY_UISupportedInterfaceOrientations_iPad = "UIInterfaceOrientationLandscapeLeft UIInterfaceOrientationLandscapeRight UIInterfaceOrientationPortrait UIInterfaceOrientationPortraitUpsideDown";
				IPHONEOS_DEPLOYMENT_TARGET = 16.5;
				LD_RUNPATH_SEARCH_PATHS = (
					"$(inherited)",
					"@executable_path/Frameworks",
				);
				MARKETING_VERSION = 1.0;
				PRODUCT_BUNDLE_IDENTIFIER = com.rafa.Instagram;
				PRODUCT_NAME = "$(TARGET_NAME)";
				SUPPORTED_PLATFORMS = "iphoneos iphonesimulator";
				SUPPORTS_MACCATALYST = NO;
				SUPPORTS_MAC_DESIGNED_FOR_IPHONE_IPAD = NO;
				SUPPORTS_XR_DESIGNED_FOR_IPHONE_IPAD = NO;
				SWIFT_EMIT_LOC_STRINGS = YES;
				SWIFT_VERSION = 5.0;
				TARGETED_DEVICE_FAMILY = 1;
			};
			name = Debug;
		};
		05E3DC4A2BF44C8900D59D64 /* Release */ = {
			isa = XCBuildConfiguration;
			baseConfigurationReference = FF4943E96856C6A73F6FED1D /* Pods-Instagram.release.xcconfig */;
			buildSettings = {
				ASSETCATALOG_COMPILER_APPICON_NAME = AppIcon;
				ASSETCATALOG_COMPILER_GLOBAL_ACCENT_COLOR_NAME = AccentColor;
				CODE_SIGN_STYLE = Automatic;
				CURRENT_PROJECT_VERSION = 1;
				DEVELOPMENT_TEAM = 7WULLR98GP;
				GENERATE_INFOPLIST_FILE = YES;
				INFOPLIST_FILE = Instagram/Info.plist;
				INFOPLIST_KEY_CFBundleDisplayName = Instagram;
				INFOPLIST_KEY_LSApplicationCategoryType = "public.app-category.social-networking";
				INFOPLIST_KEY_UIApplicationSupportsIndirectInputEvents = YES;
				INFOPLIST_KEY_UILaunchStoryboardName = LaunchScreen;
				INFOPLIST_KEY_UIMainStoryboardFile = Main;
				INFOPLIST_KEY_UISupportedInterfaceOrientations = UIInterfaceOrientationPortrait;
				INFOPLIST_KEY_UISupportedInterfaceOrientations_iPad = "UIInterfaceOrientationLandscapeLeft UIInterfaceOrientationLandscapeRight UIInterfaceOrientationPortrait UIInterfaceOrientationPortraitUpsideDown";
				IPHONEOS_DEPLOYMENT_TARGET = 16.5;
				LD_RUNPATH_SEARCH_PATHS = (
					"$(inherited)",
					"@executable_path/Frameworks",
				);
				MARKETING_VERSION = 1.0;
				PRODUCT_BUNDLE_IDENTIFIER = com.rafa.Instagram;
				PRODUCT_NAME = "$(TARGET_NAME)";
				SUPPORTED_PLATFORMS = "iphoneos iphonesimulator";
				SUPPORTS_MACCATALYST = NO;
				SUPPORTS_MAC_DESIGNED_FOR_IPHONE_IPAD = NO;
				SUPPORTS_XR_DESIGNED_FOR_IPHONE_IPAD = NO;
				SWIFT_EMIT_LOC_STRINGS = YES;
				SWIFT_VERSION = 5.0;
				TARGETED_DEVICE_FAMILY = 1;
			};
			name = Release;
		};
/* End XCBuildConfiguration section */

/* Begin XCConfigurationList section */
		05E3DC2F2BF44C8800D59D64 /* Build configuration list for PBXProject "Instagram" */ = {
			isa = XCConfigurationList;
			buildConfigurations = (
				05E3DC462BF44C8900D59D64 /* Debug */,
				05E3DC472BF44C8900D59D64 /* Release */,
			);
			defaultConfigurationIsVisible = 0;
			defaultConfigurationName = Release;
		};
		05E3DC482BF44C8900D59D64 /* Build configuration list for PBXNativeTarget "Instagram" */ = {
			isa = XCConfigurationList;
			buildConfigurations = (
				05E3DC492BF44C8900D59D64 /* Debug */,
				05E3DC4A2BF44C8900D59D64 /* Release */,
			);
			defaultConfigurationIsVisible = 0;
			defaultConfigurationName = Release;
		};
/* End XCConfigurationList section */
	};
	rootObject = 05E3DC2C2BF44C8800D59D64 /* Project object */;
}
